// !$*UTF8*$!
{
	archiveVersion = 1;
	classes = {
	};
	objectVersion = 46;
	objects = {

/* Begin PBXBuildFile section */
		8900AD7E19CBF23100318010 /* AppDelegate.swift in Sources */ = {isa = PBXBuildFile; fileRef = 8900AD7D19CBF23100318010 /* AppDelegate.swift */; };
		8900AD8019CBF23100318010 /* ViewController.swift in Sources */ = {isa = PBXBuildFile; fileRef = 8900AD7F19CBF23100318010 /* ViewController.swift */; };
		8900AD8319CBF23100318010 /* Main.storyboard in Resources */ = {isa = PBXBuildFile; fileRef = 8900AD8119CBF23100318010 /* Main.storyboard */; };
		8900AD8519CBF23100318010 /* Images.xcassets in Resources */ = {isa = PBXBuildFile; fileRef = 8900AD8419CBF23100318010 /* Images.xcassets */; };
		8900AD8819CBF23100318010 /* LaunchScreen.xib in Resources */ = {isa = PBXBuildFile; fileRef = 8900AD8619CBF23100318010 /* LaunchScreen.xib */; };
		8900AD9419CBF23100318010 /* TipCalculatorTests.swift in Sources */ = {isa = PBXBuildFile; fileRef = 8900AD9319CBF23100318010 /* TipCalculatorTests.swift */; };
/* End PBXBuildFile section */

/* Begin PBXContainerItemProxy section */
		8900AD8E19CBF23100318010 /* PBXContainerItemProxy */ = {
			isa = PBXContainerItemProxy;
			containerPortal = 8900AD7019CBF23100318010 /* Project object */;
			proxyType = 1;
			remoteGlobalIDString = 8900AD7719CBF23100318010;
			remoteInfo = TipCalculator;
		};
/* End PBXContainerItemProxy section */

/* Begin PBXFileReference section */
		8900AD7819CBF23100318010 /* TipCalculator.app */ = {isa = PBXFileReference; explicitFileType = wrapper.application; includeInIndex = 0; path = TipCalculator.app; sourceTree = BUILT_PRODUCTS_DIR; };
		8900AD7C19CBF23100318010 /* Info.plist */ = {isa = PBXFileReference; lastKnownFileType = text.plist.xml; path = Info.plist; sourceTree = "<group>"; };
		8900AD7D19CBF23100318010 /* AppDelegate.swift */ = {isa = PBXFileReference; lastKnownFileType = sourcecode.swift; path = AppDelegate.swift; sourceTree = "<group>"; };
		8900AD7F19CBF23100318010 /* ViewController.swift */ = {isa = PBXFileReference; lastKnownFileType = sourcecode.swift; path = ViewController.swift; sourceTree = "<group>"; };
		8900AD8219CBF23100318010 /* Base */ = {isa = PBXFileReference; lastKnownFileType = file.storyboard; name = Base; path = Base.lproj/Main.storyboard; sourceTree = "<group>"; };
		8900AD8419CBF23100318010 /* Images.xcassets */ = {isa = PBXFileReference; lastKnownFileType = folder.assetcatalog; path = Images.xcassets; sourceTree = "<group>"; };
		8900AD8719CBF23100318010 /* Base */ = {isa = PBXFileReference; lastKnownFileType = file.xib; name = Base; path = Base.lproj/LaunchScreen.xib; sourceTree = "<group>"; };
		8900AD8D19CBF23100318010 /* TipCalculatorTests.xctest */ = {isa = PBXFileReference; explicitFileType = wrapper.cfbundle; includeInIndex = 0; path = TipCalculatorTests.xctest; sourceTree = BUILT_PRODUCTS_DIR; };
		8900AD9219CBF23100318010 /* Info.plist */ = {isa = PBXFileReference; lastKnownFileType = text.plist.xml; path = Info.plist; sourceTree = "<group>"; };
		8900AD9319CBF23100318010 /* TipCalculatorTests.swift */ = {isa = PBXFileReference; lastKnownFileType = sourcecode.swift; path = TipCalculatorTests.swift; sourceTree = "<group>"; };
/* End PBXFileReference section */

/* Begin PBXFrameworksBuildPhase section */
		8900AD7519CBF23100318010 /* Frameworks */ = {
			isa = PBXFrameworksBuildPhase;
			buildActionMask = 2147483647;
			files = (
			);
			runOnlyForDeploymentPostprocessing = 0;
		};
		8900AD8A19CBF23100318010 /* Frameworks */ = {
			isa = PBXFrameworksBuildPhase;
			buildActionMask = 2147483647;
			files = (
			);
			runOnlyForDeploymentPostprocessing = 0;
		};
/* End PBXFrameworksBuildPhase section */

/* Begin PBXGroup section */
		8900AD6F19CBF23100318010 = {
			isa = PBXGroup;
			children = (
				8900AD7A19CBF23100318010 /* TipCalculator */,
				8900AD9019CBF23100318010 /* TipCalculatorTests */,
				8900AD7919CBF23100318010 /* Products */,
			);
			sourceTree = "<group>";
		};
		8900AD7919CBF23100318010 /* Products */ = {
			isa = PBXGroup;
			children = (
				8900AD7819CBF23100318010 /* TipCalculator.app */,
				8900AD8D19CBF23100318010 /* TipCalculatorTests.xctest */,
			);
			name = Products;
			sourceTree = "<group>";
		};
		8900AD7A19CBF23100318010 /* TipCalculator */ = {
			isa = PBXGroup;
			children = (
				8900AD7D19CBF23100318010 /* AppDelegate.swift */,
				8900AD7F19CBF23100318010 /* ViewController.swift */,
				8900AD8119CBF23100318010 /* Main.storyboard */,
				8900AD8419CBF23100318010 /* Images.xcassets */,
				8900AD8619CBF23100318010 /* LaunchScreen.xib */,
				8900AD7B19CBF23100318010 /* Supporting Files */,
			);
			path = TipCalculator;
			sourceTree = "<group>";
		};
		8900AD7B19CBF23100318010 /* Supporting Files */ = {
			isa = PBXGroup;
			children = (
				8900AD7C19CBF23100318010 /* Info.plist */,
			);
			name = "Supporting Files";
			sourceTree = "<group>";
		};
		8900AD9019CBF23100318010 /* TipCalculatorTests */ = {
			isa = PBXGroup;
			children = (
				8900AD9319CBF23100318010 /* TipCalculatorTests.swift */,
				8900AD9119CBF23100318010 /* Supporting Files */,
			);
			path = TipCalculatorTests;
			sourceTree = "<group>";
		};
		8900AD9119CBF23100318010 /* Supporting Files */ = {
			isa = PBXGroup;
			children = (
				8900AD9219CBF23100318010 /* Info.plist */,
			);
			name = "Supporting Files";
			sourceTree = "<group>";
		};
/* End PBXGroup section */

/* Begin PBXNativeTarget section */
		8900AD7719CBF23100318010 /* TipCalculator */ = {
			isa = PBXNativeTarget;
			buildConfigurationList = 8900AD9719CBF23100318010 /* Build configuration list for PBXNativeTarget "TipCalculator" */;
			buildPhases = (
				8900AD7419CBF23100318010 /* Sources */,
				8900AD7519CBF23100318010 /* Frameworks */,
				8900AD7619CBF23100318010 /* Resources */,
			);
			buildRules = (
			);
			dependencies = (
			);
			name = TipCalculator;
			productName = TipCalculator;
			productReference = 8900AD7819CBF23100318010 /* TipCalculator.app */;
			productType = "com.apple.product-type.application";
		};
		8900AD8C19CBF23100318010 /* TipCalculatorTests */ = {
			isa = PBXNativeTarget;
			buildConfigurationList = 8900AD9A19CBF23100318010 /* Build configuration list for PBXNativeTarget "TipCalculatorTests" */;
			buildPhases = (
				8900AD8919CBF23100318010 /* Sources */,
				8900AD8A19CBF23100318010 /* Frameworks */,
				8900AD8B19CBF23100318010 /* Resources */,
			);
			buildRules = (
			);
			dependencies = (
				8900AD8F19CBF23100318010 /* PBXTargetDependency */,
			);
			name = TipCalculatorTests;
			productName = TipCalculatorTests;
			productReference = 8900AD8D19CBF23100318010 /* TipCalculatorTests.xctest */;
			productType = "com.apple.product-type.bundle.unit-test";
		};
/* End PBXNativeTarget section */

/* Begin PBXProject section */
		8900AD7019CBF23100318010 /* Project object */ = {
			isa = PBXProject;
			attributes = {
				LastUpgradeCheck = 0600;
				ORGANIZATIONNAME = "Smart Kids Inc";
				TargetAttributes = {
					8900AD7719CBF23100318010 = {
						CreatedOnToolsVersion = 6.0.1;
						DevelopmentTeam = N6EYCN3PXY;
					};
					8900AD8C19CBF23100318010 = {
						CreatedOnToolsVersion = 6.0.1;
						TestTargetID = 8900AD7719CBF23100318010;
					};
				};
			};
			buildConfigurationList = 8900AD7319CBF23100318010 /* Build configuration list for PBXProject "TipCalculator" */;
			compatibilityVersion = "Xcode 3.2";
			developmentRegion = English;
			hasScannedForEncodings = 0;
			knownRegions = (
				en,
				Base,
			);
			mainGroup = 8900AD6F19CBF23100318010;
			productRefGroup = 8900AD7919CBF23100318010 /* Products */;
			projectDirPath = "";
			projectRoot = "";
			targets = (
				8900AD7719CBF23100318010 /* TipCalculator */,
				8900AD8C19CBF23100318010 /* TipCalculatorTests */,
			);
		};
/* End PBXProject section */

/* Begin PBXResourcesBuildPhase section */
		8900AD7619CBF23100318010 /* Resources */ = {
			isa = PBXResourcesBuildPhase;
			buildActionMask = 2147483647;
			files = (
				8900AD8319CBF23100318010 /* Main.storyboard in Resources */,
				8900AD8819CBF23100318010 /* LaunchScreen.xib in Resources */,
				8900AD8519CBF23100318010 /* Images.xcassets in Resources */,
			);
			runOnlyForDeploymentPostprocessing = 0;
		};
		8900AD8B19CBF23100318010 /* Resources */ = {
			isa = PBXResourcesBuildPhase;
			buildActionMask = 2147483647;
			files = (
			);
			runOnlyForDeploymentPostprocessing = 0;
		};
/* End PBXResourcesBuildPhase section */

/* Begin PBXSourcesBuildPhase section */
		8900AD7419CBF23100318010 /* Sources */ = {
			isa = PBXSourcesBuildPhase;
			buildActionMask = 2147483647;
			files = (
				8900AD8019CBF23100318010 /* ViewController.swift in Sources */,
				8900AD7E19CBF23100318010 /* AppDelegate.swift in Sources */,
			);
			runOnlyForDeploymentPostprocessing = 0;
		};
		8900AD8919CBF23100318010 /* Sources */ = {
			isa = PBXSourcesBuildPhase;
			buildActionMask = 2147483647;
			files = (
				8900AD9419CBF23100318010 /* TipCalculatorTests.swift in Sources */,
			);
			runOnlyForDeploymentPostprocessing = 0;
		};
/* End PBXSourcesBuildPhase section */

/* Begin PBXTargetDependency section */
		8900AD8F19CBF23100318010 /* PBXTargetDependency */ = {
			isa = PBXTargetDependency;
			target = 8900AD7719CBF23100318010 /* TipCalculator */;
			targetProxy = 8900AD8E19CBF23100318010 /* PBXContainerItemProxy */;
		};
/* End PBXTargetDependency section */

/* Begin PBXVariantGroup section */
		8900AD8119CBF23100318010 /* Main.storyboard */ = {
			isa = PBXVariantGroup;
			children = (
				8900AD8219CBF23100318010 /* Base */,
			);
			name = Main.storyboard;
			sourceTree = "<group>";
		};
		8900AD8619CBF23100318010 /* LaunchScreen.xib */ = {
			isa = PBXVariantGroup;
			children = (
				8900AD8719CBF23100318010 /* Base */,
			);
			name = LaunchScreen.xib;
			sourceTree = "<group>";
		};
/* End PBXVariantGroup section */

/* Begin XCBuildConfiguration section */
		8900AD9519CBF23100318010 /* Debug */ = {
			isa = XCBuildConfiguration;
			buildSettings = {
				ALWAYS_SEARCH_USER_PATHS = NO;
				CLANG_CXX_LANGUAGE_STANDARD = "gnu++0x";
				CLANG_CXX_LIBRARY = "libc++";
				CLANG_ENABLE_MODULES = YES;
				CLANG_ENABLE_OBJC_ARC = YES;
				CLANG_WARN_BOOL_CONVERSION = YES;
				CLANG_WARN_CONSTANT_CONVERSION = YES;
				CLANG_WARN_DIRECT_OBJC_ISA_USAGE = YES_ERROR;
				CLANG_WARN_EMPTY_BODY = YES;
				CLANG_WARN_ENUM_CONVERSION = YES;
				CLANG_WARN_INT_CONVERSION = YES;
				CLANG_WARN_OBJC_ROOT_CLASS = YES_ERROR;
				CLANG_WARN_UNREACHABLE_CODE = YES;
				CLANG_WARN__DUPLICATE_METHOD_MATCH = YES;
				"CODE_SIGN_IDENTITY[sdk=iphoneos*]" = "iPhone Developer";
				COPY_PHASE_STRIP = NO;
				ENABLE_STRICT_OBJC_MSGSEND = YES;
				GCC_C_LANGUAGE_STANDARD = gnu99;
				GCC_DYNAMIC_NO_PIC = NO;
				GCC_OPTIMIZATION_LEVEL = 0;
				GCC_PREPROCESSOR_DEFINITIONS = (
					"DEBUG=1",
					"$(inherited)",
				);
				GCC_SYMBOLS_PRIVATE_EXTERN = NO;
				GCC_WARN_64_TO_32_BIT_CONVERSION = YES;
				GCC_WARN_ABOUT_RETURN_TYPE = YES_ERROR;
				GCC_WARN_UNDECLARED_SELECTOR = YES;
				GCC_WARN_UNINITIALIZED_AUTOS = YES_AGGRESSIVE;
				GCC_WARN_UNUSED_FUNCTION = YES;
				GCC_WARN_UNUSED_VARIABLE = YES;
				IPHONEOS_DEPLOYMENT_TARGET = 8.0;
				MTL_ENABLE_DEBUG_INFO = YES;
				ONLY_ACTIVE_ARCH = YES;
				SDKROOT = iphoneos;
				SWIFT_OPTIMIZATION_LEVEL = "-Onone";
				TARGETED_DEVICE_FAMILY = "1,2";
			};
			name = Debug;
		};
		8900AD9619CBF23100318010 /* Release */ = {
			isa = XCBuildConfiguration;
			buildSettings = {
				ALWAYS_SEARCH_USER_PATHS = NO;
				CLANG_CXX_LANGUAGE_STANDARD = "gnu++0x";
				CLANG_CXX_LIBRARY = "libc++";
				CLANG_ENABLE_MODULES = YES;
				CLANG_ENABLE_OBJC_ARC = YES;
				CLANG_WARN_BOOL_CONVERSION = YES;
				CLANG_WARN_CONSTANT_CONVERSION = YES;
				CLANG_WARN_DIRECT_OBJC_ISA_USAGE = YES_ERROR;
				CLANG_WARN_EMPTY_BODY = YES;
				CLANG_WARN_ENUM_CONVERSION = YES;
				CLANG_WARN_INT_CONVERSION = YES;
				CLANG_WARN_OBJC_ROOT_CLASS = YES_ERROR;
				CLANG_WARN_UNREACHABLE_CODE = YES;
				CLANG_WARN__DUPLICATE_METHOD_MATCH = YES;
				"CODE_SIGN_IDENTITY[sdk=iphoneos*]" = "iPhone Developer";
				COPY_PHASE_STRIP = YES;
				ENABLE_NS_ASSERTIONS = NO;
				ENABLE_STRICT_OBJC_MSGSEND = YES;
				GCC_C_LANGUAGE_STANDARD = gnu99;
				GCC_WARN_64_TO_32_BIT_CONVERSION = YES;
				GCC_WARN_ABOUT_RETURN_TYPE = YES_ERROR;
				GCC_WARN_UNDECLARED_SELECTOR = YES;
				GCC_WARN_UNINITIALIZED_AUTOS = YES_AGGRESSIVE;
				GCC_WARN_UNUSED_FUNCTION = YES;
				GCC_WARN_UNUSED_VARIABLE = YES;
				IPHONEOS_DEPLOYMENT_TARGET = 8.0;
				MTL_ENABLE_DEBUG_INFO = NO;
				SDKROOT = iphoneos;
				TARGETED_DEVICE_FAMILY = "1,2";
				VALIDATE_PRODUCT = YES;
			};
			name = Release;
		};
		8900AD9819CBF23100318010 /* Debug */ = {
			isa = XCBuildConfiguration;
			buildSettings = {
				ASSETCATALOG_COMPILER_APPICON_NAME = AppIcon;
				INFOPLIST_FILE = TipCalculator/Info.plist;
				IPHONEOS_DEPLOYMENT_TARGET = 7.0;
				LD_RUNPATH_SEARCH_PATHS = "$(inherited) @executable_path/Frameworks";
				PRODUCT_NAME = "$(TARGET_NAME)";
			};
			name = Debug;
		};
		8900AD9919CBF23100318010 /* Release */ = {
			isa = XCBuildConfiguration;
			buildSettings = {
				ASSETCATALOG_COMPILER_APPICON_NAME = AppIcon;
				INFOPLIST_FILE = TipCalculator/Info.plist;
				IPHONEOS_DEPLOYMENT_TARGET = 7.0;
				LD_RUNPATH_SEARCH_PATHS = "$(inherited) @executable_path/Frameworks";
				PRODUCT_NAME = "$(TARGET_NAME)";
			};
			name = Release;
		};
		8900AD9B19CBF23100318010 /* Debug */ = {
			isa = XCBuildConfiguration;
			buildSettings = {
				BUNDLE_LOADER = "$(TEST_HOST)";
				FRAMEWORK_SEARCH_PATHS = (
					"$(SDKROOT)/Developer/Library/Frameworks",
					"$(inherited)",
				);
				GCC_PREPROCESSOR_DEFINITIONS = (
					"DEBUG=1",
					"$(inherited)",
				);
				INFOPLIST_FILE = TipCalculatorTests/Info.plist;
				LD_RUNPATH_SEARCH_PATHS = "$(inherited) @executable_path/Frameworks @loader_path/Frameworks";
				PRODUCT_NAME = "$(TARGET_NAME)";
				TEST_HOST = "$(BUILT_PRODUCTS_DIR)/TipCalculator.app/TipCalculator";
			};
			name = Debug;
		};
		8900AD9C19CBF23100318010 /* Release */ = {
			isa = XCBuildConfiguration;
			buildSettings = {
				BUNDLE_LOADER = "$(TEST_HOST)";
				FRAMEWORK_SEARCH_PATHS = (
					"$(SDKROOT)/Developer/Library/Frameworks",
					"$(inherited)",
				);
				INFOPLIST_FILE = TipCalculatorTests/Info.plist;
				LD_RUNPATH_SEARCH_PATHS = "$(inherited) @executable_path/Frameworks @loader_path/Frameworks";
				PRODUCT_NAME = "$(TARGET_NAME)";
				TEST_HOST = "$(BUILT_PRODUCTS_DIR)/TipCalculator.app/TipCalculator";
			};
			name = Release;
		};
/* End XCBuildConfiguration section */

/* Begin XCConfigurationList section */
		8900AD7319CBF23100318010 /* Build configuration list for PBXProject "TipCalculator" */ = {
			isa = XCConfigurationList;
			buildConfigurations = (
				8900AD9519CBF23100318010 /* Debug */,
				8900AD9619CBF23100318010 /* Release */,
			);
			defaultConfigurationIsVisible = 0;
			defaultConfigurationName = Release;
		};
		8900AD9719CBF23100318010 /* Build configuration list for PBXNativeTarget "TipCalculator" */ = {
			isa = XCConfigurationList;
			buildConfigurations = (
				8900AD9819CBF23100318010 /* Debug */,
				8900AD9919CBF23100318010 /* Release */,
			);
			defaultConfigurationIsVisible = 0;
		};
		8900AD9A19CBF23100318010 /* Build configuration list for PBXNativeTarget "TipCalculatorTests" */ = {
			isa = XCConfigurationList;
			buildConfigurations = (
				8900AD9B19CBF23100318010 /* Debug */,
				8900AD9C19CBF23100318010 /* Release */,
			);
			defaultConfigurationIsVisible = 0;
		};
/* End XCConfigurationList section */
	};
	rootObject = 8900AD7019CBF23100318010 /* Project object */;
}
